<?xml version="1.0" encoding="UTF-8"?>
<Scheme
   LastUpgradeVersion = "1340"
   version = "1.3">
   <BuildAction
      parallelizeBuildables = "YES"
      buildImplicitDependencies = "YES">
      <BuildActionEntries>
         <BuildActionEntry
            buildForTesting = "YES"
            buildForRunning = "YES"
            buildForProfiling = "YES"
            buildForArchiving = "YES"
            buildForAnalyzing = "YES">
            <BuildableReference
               BuildableIdentifier = "primary"
               BlueprintIdentifier = "8DFAEAAE28FD41730028B060"
               BuildableName = "BestPodcastsList.framework"
               BlueprintName = "BestPodcastsList"
               ReferencedContainer = "container:PodcastsComponents.xcodeproj">
            </BuildableReference>
         </BuildActionEntry>
         <BuildActionEntry
            buildForTesting = "YES"
            buildForRunning = "YES"
            buildForProfiling = "YES"
            buildForArchiving = "YES"
            buildForAnalyzing = "YES">
            <BuildableReference
               BuildableIdentifier = "primary"
               BlueprintIdentifier = "8DE32A2129110AAC00830695"
               BuildableName = "LoadResourcePresenter.framework"
               BlueprintName = "LoadResourcePresenter"
               ReferencedContainer = "container:PodcastsComponents.xcodeproj">
            </BuildableReference>
         </BuildActionEntry>
         <BuildActionEntry
            buildForTesting = "YES"
            buildForRunning = "YES"
            buildForProfiling = "YES"
            buildForArchiving = "YES"
            buildForAnalyzing = "YES">
            <BuildableReference
               BuildableIdentifier = "primary"
               BlueprintIdentifier = "8D5C204028FE8EC4006CD42F"
               BuildableName = "URLSessionHTTPClient.framework"
               BlueprintName = "URLSessionHTTPClient"
               ReferencedContainer = "container:PodcastsComponents.xcodeproj">
            </BuildableReference>
         </BuildActionEntry>
         <BuildActionEntry
            buildForTesting = "YES"
            buildForRunning = "YES"
            buildForProfiling = "YES"
            buildForArchiving = "YES"
            buildForAnalyzing = "YES">
            <BuildableReference
               BuildableIdentifier = "primary"
               BlueprintIdentifier = "8DA0930B28BF59C900C4C68D"
               BuildableName = "PodcastsGenresList.framework"
               BlueprintName = "PodcastsGenresList"
               ReferencedContainer = "container:PodcastsComponents.xcodeproj">
            </BuildableReference>
         </BuildActionEntry>
      </BuildActionEntries>
   </BuildAction>
   <TestAction
      buildConfiguration = "Debug"
      selectedDebuggerIdentifier = "Xcode.DebuggerFoundation.Debugger.LLDB"
      selectedLauncherIdentifier = "Xcode.DebuggerFoundation.Launcher.LLDB"
      shouldUseLaunchSchemeArgsEnv = "YES"
      codeCoverageEnabled = "YES"
      onlyGenerateCoverageForSpecifiedTargets = "YES">
      <CodeCoverageTargets>
         <BuildableReference
            BuildableIdentifier = "primary"
            BlueprintIdentifier = "8DFAEAAE28FD41730028B060"
            BuildableName = "BestPodcastsList.framework"
            BlueprintName = "BestPodcastsList"
            ReferencedContainer = "container:PodcastsComponents.xcodeproj">
         </BuildableReference>
         <BuildableReference
            BuildableIdentifier = "primary"
            BlueprintIdentifier = "8DE32A2129110AAC00830695"
            BuildableName = "LoadResourcePresenter.framework"
            BlueprintName = "LoadResourcePresenter"
            ReferencedContainer = "container:PodcastsComponents.xcodeproj">
         </BuildableReference>
         <BuildableReference
            BuildableIdentifier = "primary"
            BlueprintIdentifier = "8DA0930B28BF59C900C4C68D"
            BuildableName = "PodcastsGenresList.framework"
            BlueprintName = "PodcastsGenresList"
            ReferencedContainer = "container:PodcastsComponents.xcodeproj">
         </BuildableReference>
         <BuildableReference
            BuildableIdentifier = "primary"
            BlueprintIdentifier = "8D5C204028FE8EC4006CD42F"
            BuildableName = "URLSessionHTTPClient.framework"
            BlueprintName = "URLSessionHTTPClient"
            ReferencedContainer = "container:PodcastsComponents.xcodeproj">
         </BuildableReference>
         <BuildableReference
            BuildableIdentifier = "primary"
            BlueprintIdentifier = "8DFAEAE828FD76670028B060"
            BuildableName = "HTTPClient.framework"
            BlueprintName = "HTTPClient"
            ReferencedContainer = "container:PodcastsComponents.xcodeproj">
         </BuildableReference>
      </CodeCoverageTargets>
      <Testables>
         <TestableReference
            skipped = "NO"
            testExecutionOrdering = "random">
            <BuildableReference
               BuildableIdentifier = "primary"
               BlueprintIdentifier = "8DA0931928BF5A0200C4C68D"
               BuildableName = "PodcastsGenresListTests.xctest"
               BlueprintName = "PodcastsGenresListTests"
               ReferencedContainer = "container:PodcastsComponents.xcodeproj">
            </BuildableReference>
         </TestableReference>
         <TestableReference
            skipped = "NO"
            testExecutionOrdering = "random">
            <BuildableReference
               BuildableIdentifier = "primary"
               BlueprintIdentifier = "8D5C208B28FFE5DD006CD42F"
               BuildableName = "BestPodcastsListAPIEndToEndTests.xctest"
               BlueprintName = "BestPodcastsListAPIEndToEndTests"
               ReferencedContainer = "container:PodcastsComponents.xcodeproj">
            </BuildableReference>
         </TestableReference>
         <TestableReference
            skipped = "NO"
            testExecutionOrdering = "random">
            <BuildableReference
               BuildableIdentifier = "primary"
               BlueprintIdentifier = "8DFAEAB528FD41740028B060"
               BuildableName = "BestPodcastsListTests.xctest"
               BlueprintName = "BestPodcastsListTests"
               ReferencedContainer = "container:PodcastsComponents.xcodeproj">
            </BuildableReference>
         </TestableReference>
         <TestableReference
            skipped = "NO"
            testExecutionOrdering = "random">
            <BuildableReference
               BuildableIdentifier = "primary"
               BlueprintIdentifier = "8DE32A2829110AAC00830695"
               BuildableName = "LoadResourcePresenterTests.xctest"
               BlueprintName = "LoadResourcePresenterTests"
               ReferencedContainer = "container:PodcastsComponents.xcodeproj">
            </BuildableReference>
         </TestableReference>
         <TestableReference
            skipped = "NO"
            testExecutionOrdering = "random">
            <BuildableReference
               BuildableIdentifier = "primary"
               BlueprintIdentifier = "8D745E3228C6259C005DC3F8"
               BuildableName = "PodcastsGenresListAPIEndToEndTests.xctest"
               BlueprintName = "PodcastsGenresListAPIEndToEndTests"
               ReferencedContainer = "container:PodcastsComponents.xcodeproj">
            </BuildableReference>
         </TestableReference>
         <TestableReference
            skipped = "NO"
            testExecutionOrdering = "random">
            <BuildableReference
               BuildableIdentifier = "primary"
               BlueprintIdentifier = "8D75815328D0AFA800751261"
               BuildableName = "PodcastsGenresListCacheIntegrationTests.xctest"
               BlueprintName = "PodcastsGenresListCacheIntegrationTests"
               ReferencedContainer = "container:PodcastsComponents.xcodeproj">
            </BuildableReference>
         </TestableReference>
         <TestableReference
            skipped = "NO"
            testExecutionOrdering = "random">
            <BuildableReference
               BuildableIdentifier = "primary"
               BlueprintIdentifier = "8D5C204728FE8EC4006CD42F"
               BuildableName = "URLSessionHTTPClientTests.xctest"
               BlueprintName = "URLSessionHTTPClientTests"
               ReferencedContainer = "container:PodcastsComponents.xcodeproj">
            </BuildableReference>
         </TestableReference>
      </Testables>
   </TestAction>
   <LaunchAction
      buildConfiguration = "Debug"
      selectedDebuggerIdentifier = "Xcode.DebuggerFoundation.Debugger.LLDB"
      selectedLauncherIdentifier = "Xcode.DebuggerFoundation.Launcher.LLDB"
      launchStyle = "0"
      useCustomWorkingDirectory = "NO"
      ignoresPersistentStateOnLaunch = "NO"
      debugDocumentVersioning = "YES"
      debugServiceExtension = "internal"
      allowLocationSimulation = "YES">
   </LaunchAction>
   <ProfileAction
      buildConfiguration = "Release"
      shouldUseLaunchSchemeArgsEnv = "YES"
      savedToolIdentifier = ""
      useCustomWorkingDirectory = "NO"
      debugDocumentVersioning = "YES">
      <MacroExpansion>
         <BuildableReference
            BuildableIdentifier = "primary"
            BlueprintIdentifier = "8DFAEAAE28FD41730028B060"
            BuildableName = "BestPodcastsList.framework"
            BlueprintName = "BestPodcastsList"
            ReferencedContainer = "container:PodcastsComponents.xcodeproj">
         </BuildableReference>
      </MacroExpansion>
   </ProfileAction>
   <AnalyzeAction
      buildConfiguration = "Debug">
   </AnalyzeAction>
   <ArchiveAction
      buildConfiguration = "Release"
      revealArchiveInOrganizer = "YES">
   </ArchiveAction>
</Scheme>
